// !$*UTF8*$!
{
	archiveVersion = 1;
	classes = {
	};
	objectVersion = 46;
	objects = {

/* Begin PBXBuildFile section */
		758323731C8F36C1003621B4 /* KCEventTableViewCell.swift in Sources */ = {isa = PBXBuildFile; fileRef = 758323701C8F326E003621B4 /* KCEventTableViewCell.swift */; };
		75C25D8E1C8909DE00477430 /* PointsWindow.swift in Sources */ = {isa = PBXBuildFile; fileRef = 75C25D8D1C8909DE00477430 /* PointsWindow.swift */; };
		75F77F4D1C87D95700F653A3 /* AppDelegate.swift in Sources */ = {isa = PBXBuildFile; fileRef = 75F77F4C1C87D95700F653A3 /* AppDelegate.swift */; };
		75F77F4F1C87D95800F653A3 /* FirstViewController.swift in Sources */ = {isa = PBXBuildFile; fileRef = 75F77F4E1C87D95800F653A3 /* FirstViewController.swift */; };
		75F77F541C87D95800F653A3 /* Main.storyboard in Resources */ = {isa = PBXBuildFile; fileRef = 75F77F521C87D95800F653A3 /* Main.storyboard */; };
		75F77F561C87D95900F653A3 /* Assets.xcassets in Resources */ = {isa = PBXBuildFile; fileRef = 75F77F551C87D95900F653A3 /* Assets.xcassets */; };
		75F77F591C87D95900F653A3 /* LaunchScreen.storyboard in Resources */ = {isa = PBXBuildFile; fileRef = 75F77F571C87D95900F653A3 /* LaunchScreen.storyboard */; };
		75F77F641C87D95A00F653A3 /* GOAL_Release_2_0_0Tests.swift in Sources */ = {isa = PBXBuildFile; fileRef = 75F77F631C87D95A00F653A3 /* GOAL_Release_2_0_0Tests.swift */; };
		75F77F6F1C87D95B00F653A3 /* GOAL_Release_2_0_0UITests.swift in Sources */ = {isa = PBXBuildFile; fileRef = 75F77F6E1C87D95B00F653A3 /* GOAL_Release_2_0_0UITests.swift */; };
		75F77F7D1C87DBE500F653A3 /* User.swift in Sources */ = {isa = PBXBuildFile; fileRef = 75F77F7C1C87DBE500F653A3 /* User.swift */; };
		75F77F7F1C87DC5500F653A3 /* Event.swift in Sources */ = {isa = PBXBuildFile; fileRef = 75F77F7E1C87DC5500F653A3 /* Event.swift */; };
		75F77F811C87DE1D00F653A3 /* EventArray.swift in Sources */ = {isa = PBXBuildFile; fileRef = 75F77F801C87DE1D00F653A3 /* EventArray.swift */; };
/* End PBXBuildFile section */

/* Begin PBXContainerItemProxy section */
		75F77F601C87D95A00F653A3 /* PBXContainerItemProxy */ = {
			isa = PBXContainerItemProxy;
			containerPortal = 75F77F411C87D95500F653A3 /* Project object */;
			proxyType = 1;
			remoteGlobalIDString = 75F77F481C87D95600F653A3;
			remoteInfo = "GOAL Release 2.0.0";
		};
		75F77F6B1C87D95A00F653A3 /* PBXContainerItemProxy */ = {
			isa = PBXContainerItemProxy;
			containerPortal = 75F77F411C87D95500F653A3 /* Project object */;
			proxyType = 1;
			remoteGlobalIDString = 75F77F481C87D95600F653A3;
			remoteInfo = "GOAL Release 2.0.0";
		};
/* End PBXContainerItemProxy section */

/* Begin PBXFileReference section */
		7508F1D11C8CD0D600A74D88 /* en */ = {isa = PBXFileReference; lastKnownFileType = text.plist.strings; name = en; path = en.lproj/Main.strings; sourceTree = "<group>"; };
		758323701C8F326E003621B4 /* KCEventTableViewCell.swift */ = {isa = PBXFileReference; fileEncoding = 4; lastKnownFileType = sourcecode.swift; path = KCEventTableViewCell.swift; sourceTree = "<group>"; };
		75C25D8D1C8909DE00477430 /* PointsWindow.swift */ = {isa = PBXFileReference; fileEncoding = 4; lastKnownFileType = sourcecode.swift; path = PointsWindow.swift; sourceTree = "<group>"; };
		75F77F491C87D95600F653A3 /* GOAL Release 2.0.0.app */ = {isa = PBXFileReference; explicitFileType = wrapper.application; includeInIndex = 0; path = "GOAL Release 2.0.0.app"; sourceTree = BUILT_PRODUCTS_DIR; };
		75F77F4C1C87D95700F653A3 /* AppDelegate.swift */ = {isa = PBXFileReference; lastKnownFileType = sourcecode.swift; path = AppDelegate.swift; sourceTree = "<group>"; };
		75F77F4E1C87D95800F653A3 /* FirstViewController.swift */ = {isa = PBXFileReference; lastKnownFileType = sourcecode.swift; path = FirstViewController.swift; sourceTree = "<group>"; };
		75F77F531C87D95800F653A3 /* Base */ = {isa = PBXFileReference; lastKnownFileType = file.storyboard; name = Base; path = Base.lproj/Main.storyboard; sourceTree = "<group>"; };
		75F77F551C87D95900F653A3 /* Assets.xcassets */ = {isa = PBXFileReference; lastKnownFileType = folder.assetcatalog; path = Assets.xcassets; sourceTree = "<group>"; };
		75F77F581C87D95900F653A3 /* Base */ = {isa = PBXFileReference; lastKnownFileType = file.storyboard; name = Base; path = Base.lproj/LaunchScreen.storyboard; sourceTree = "<group>"; };
		75F77F5A1C87D95900F653A3 /* Info.plist */ = {isa = PBXFileReference; lastKnownFileType = text.plist.xml; path = Info.plist; sourceTree = "<group>"; };
		75F77F5F1C87D95A00F653A3 /* GOAL Release 2.0.0Tests.xctest */ = {isa = PBXFileReference; explicitFileType = wrapper.cfbundle; includeInIndex = 0; path = "GOAL Release 2.0.0Tests.xctest"; sourceTree = BUILT_PRODUCTS_DIR; };
		75F77F631C87D95A00F653A3 /* GOAL_Release_2_0_0Tests.swift */ = {isa = PBXFileReference; lastKnownFileType = sourcecode.swift; path = GOAL_Release_2_0_0Tests.swift; sourceTree = "<group>"; };
		75F77F651C87D95A00F653A3 /* Info.plist */ = {isa = PBXFileReference; lastKnownFileType = text.plist.xml; path = Info.plist; sourceTree = "<group>"; };
		75F77F6A1C87D95A00F653A3 /* GOAL Release 2.0.0UITests.xctest */ = {isa = PBXFileReference; explicitFileType = wrapper.cfbundle; includeInIndex = 0; path = "GOAL Release 2.0.0UITests.xctest"; sourceTree = BUILT_PRODUCTS_DIR; };
		75F77F6E1C87D95B00F653A3 /* GOAL_Release_2_0_0UITests.swift */ = {isa = PBXFileReference; lastKnownFileType = sourcecode.swift; path = GOAL_Release_2_0_0UITests.swift; sourceTree = "<group>"; };
		75F77F701C87D95B00F653A3 /* Info.plist */ = {isa = PBXFileReference; lastKnownFileType = text.plist.xml; path = Info.plist; sourceTree = "<group>"; };
		75F77F7C1C87DBE500F653A3 /* User.swift */ = {isa = PBXFileReference; fileEncoding = 4; lastKnownFileType = sourcecode.swift; path = User.swift; sourceTree = "<group>"; };
		75F77F7E1C87DC5500F653A3 /* Event.swift */ = {isa = PBXFileReference; fileEncoding = 4; lastKnownFileType = sourcecode.swift; path = Event.swift; sourceTree = "<group>"; };
		75F77F801C87DE1D00F653A3 /* EventArray.swift */ = {isa = PBXFileReference; fileEncoding = 4; lastKnownFileType = sourcecode.swift; path = EventArray.swift; sourceTree = "<group>"; };
/* End PBXFileReference section */

/* Begin PBXFrameworksBuildPhase section */
		75F77F461C87D95600F653A3 /* Frameworks */ = {
			isa = PBXFrameworksBuildPhase;
			buildActionMask = 2147483647;
			files = (
			);
			runOnlyForDeploymentPostprocessing = 0;
		};
		75F77F5C1C87D95A00F653A3 /* Frameworks */ = {
			isa = PBXFrameworksBuildPhase;
			buildActionMask = 2147483647;
			files = (
			);
			runOnlyForDeploymentPostprocessing = 0;
		};
		75F77F671C87D95A00F653A3 /* Frameworks */ = {
			isa = PBXFrameworksBuildPhase;
			buildActionMask = 2147483647;
			files = (
			);
			runOnlyForDeploymentPostprocessing = 0;
		};
/* End PBXFrameworksBuildPhase section */

/* Begin PBXGroup section */
		75F77F401C87D95400F653A3 = {
			isa = PBXGroup;
			children = (
				75F77F4B1C87D95700F653A3 /* GOAL Release 2.0.0 */,
				75F77F621C87D95A00F653A3 /* GOAL Release 2.0.0Tests */,
				75F77F6D1C87D95B00F653A3 /* GOAL Release 2.0.0UITests */,
				75F77F4A1C87D95600F653A3 /* Products */,
			);
			sourceTree = "<group>";
		};
		75F77F4A1C87D95600F653A3 /* Products */ = {
			isa = PBXGroup;
			children = (
				75F77F491C87D95600F653A3 /* GOAL Release 2.0.0.app */,
				75F77F5F1C87D95A00F653A3 /* GOAL Release 2.0.0Tests.xctest */,
				75F77F6A1C87D95A00F653A3 /* GOAL Release 2.0.0UITests.xctest */,
			);
			name = Products;
			sourceTree = "<group>";
		};
		75F77F4B1C87D95700F653A3 /* GOAL Release 2.0.0 */ = {
			isa = PBXGroup;
			children = (
				75F77F4C1C87D95700F653A3 /* AppDelegate.swift */,
				75F77F4E1C87D95800F653A3 /* FirstViewController.swift */,
				75C25D8D1C8909DE00477430 /* PointsWindow.swift */,
				75F77F7C1C87DBE500F653A3 /* User.swift */,
				75F77F7E1C87DC5500F653A3 /* Event.swift */,
				75F77F801C87DE1D00F653A3 /* EventArray.swift */,
				758323701C8F326E003621B4 /* KCEventTableViewCell.swift */,
				75F77F521C87D95800F653A3 /* Main.storyboard */,
				75F77F551C87D95900F653A3 /* Assets.xcassets */,
				75F77F571C87D95900F653A3 /* LaunchScreen.storyboard */,
				75F77F5A1C87D95900F653A3 /* Info.plist */,
			);
			path = "GOAL Release 2.0.0";
			sourceTree = "<group>";
		};
		75F77F621C87D95A00F653A3 /* GOAL Release 2.0.0Tests */ = {
			isa = PBXGroup;
			children = (
				75F77F631C87D95A00F653A3 /* GOAL_Release_2_0_0Tests.swift */,
				75F77F651C87D95A00F653A3 /* Info.plist */,
			);
			path = "GOAL Release 2.0.0Tests";
			sourceTree = "<group>";
		};
		75F77F6D1C87D95B00F653A3 /* GOAL Release 2.0.0UITests */ = {
			isa = PBXGroup;
			children = (
				75F77F6E1C87D95B00F653A3 /* GOAL_Release_2_0_0UITests.swift */,
				75F77F701C87D95B00F653A3 /* Info.plist */,
			);
			path = "GOAL Release 2.0.0UITests";
			sourceTree = "<group>";
		};
/* End PBXGroup section */

/* Begin PBXNativeTarget section */
		75F77F481C87D95600F653A3 /* GOAL Release 2.0.0 */ = {
			isa = PBXNativeTarget;
			buildConfigurationList = 75F77F731C87D95B00F653A3 /* Build configuration list for PBXNativeTarget "GOAL Release 2.0.0" */;
			buildPhases = (
				75F77F451C87D95600F653A3 /* Sources */,
				75F77F461C87D95600F653A3 /* Frameworks */,
				75F77F471C87D95600F653A3 /* Resources */,
			);
			buildRules = (
			);
			dependencies = (
			);
			name = "GOAL Release 2.0.0";
			productName = "GOAL Release 2.0.0";
			productReference = 75F77F491C87D95600F653A3 /* GOAL Release 2.0.0.app */;
			productType = "com.apple.product-type.application";
		};
		75F77F5E1C87D95A00F653A3 /* GOAL Release 2.0.0Tests */ = {
			isa = PBXNativeTarget;
			buildConfigurationList = 75F77F761C87D95B00F653A3 /* Build configuration list for PBXNativeTarget "GOAL Release 2.0.0Tests" */;
			buildPhases = (
				75F77F5B1C87D95A00F653A3 /* Sources */,
				75F77F5C1C87D95A00F653A3 /* Frameworks */,
				75F77F5D1C87D95A00F653A3 /* Resources */,
			);
			buildRules = (
			);
			dependencies = (
				75F77F611C87D95A00F653A3 /* PBXTargetDependency */,
			);
			name = "GOAL Release 2.0.0Tests";
			productName = "GOAL Release 2.0.0Tests";
			productReference = 75F77F5F1C87D95A00F653A3 /* GOAL Release 2.0.0Tests.xctest */;
			productType = "com.apple.product-type.bundle.unit-test";
		};
		75F77F691C87D95A00F653A3 /* GOAL Release 2.0.0UITests */ = {
			isa = PBXNativeTarget;
			buildConfigurationList = 75F77F791C87D95B00F653A3 /* Build configuration list for PBXNativeTarget "GOAL Release 2.0.0UITests" */;
			buildPhases = (
				75F77F661C87D95A00F653A3 /* Sources */,
				75F77F671C87D95A00F653A3 /* Frameworks */,
				75F77F681C87D95A00F653A3 /* Resources */,
			);
			buildRules = (
			);
			dependencies = (
				75F77F6C1C87D95A00F653A3 /* PBXTargetDependency */,
			);
			name = "GOAL Release 2.0.0UITests";
			productName = "GOAL Release 2.0.0UITests";
			productReference = 75F77F6A1C87D95A00F653A3 /* GOAL Release 2.0.0UITests.xctest */;
			productType = "com.apple.product-type.bundle.ui-testing";
		};
/* End PBXNativeTarget section */

/* Begin PBXProject section */
		75F77F411C87D95500F653A3 /* Project object */ = {
			isa = PBXProject;
			attributes = {
				LastSwiftUpdateCheck = 0720;
				LastUpgradeCheck = 0720;
				ORGANIZATIONNAME = "Binh Vinh Mai";
				TargetAttributes = {
					75F77F481C87D95600F653A3 = {
						CreatedOnToolsVersion = 7.2.1;
						DevelopmentTeam = DK9U68NDP7;
					};
					75F77F5E1C87D95A00F653A3 = {
						CreatedOnToolsVersion = 7.2.1;
						DevelopmentTeam = DK9U68NDP7;
						TestTargetID = 75F77F481C87D95600F653A3;
					};
					75F77F691C87D95A00F653A3 = {
						CreatedOnToolsVersion = 7.2.1;
						DevelopmentTeam = DK9U68NDP7;
						TestTargetID = 75F77F481C87D95600F653A3;
					};
				};
			};
			buildConfigurationList = 75F77F441C87D95500F653A3 /* Build configuration list for PBXProject "GOAL Release 2.0.0" */;
			compatibilityVersion = "Xcode 3.2";
			developmentRegion = English;
			hasScannedForEncodings = 0;
			knownRegions = (
				en,
				Base,
			);
			mainGroup = 75F77F401C87D95400F653A3;
			productRefGroup = 75F77F4A1C87D95600F653A3 /* Products */;
			projectDirPath = "";
			projectRoot = "";
			targets = (
				75F77F481C87D95600F653A3 /* GOAL Release 2.0.0 */,
				75F77F5E1C87D95A00F653A3 /* GOAL Release 2.0.0Tests */,
				75F77F691C87D95A00F653A3 /* GOAL Release 2.0.0UITests */,
			);
		};
/* End PBXProject section */

/* Begin PBXResourcesBuildPhase section */
		75F77F471C87D95600F653A3 /* Resources */ = {
			isa = PBXResourcesBuildPhase;
			buildActionMask = 2147483647;
			files = (
				75F77F591C87D95900F653A3 /* LaunchScreen.storyboard in Resources */,
				75F77F561C87D95900F653A3 /* Assets.xcassets in Resources */,
				75F77F541C87D95800F653A3 /* Main.storyboard in Resources */,
			);
			runOnlyForDeploymentPostprocessing = 0;
		};
		75F77F5D1C87D95A00F653A3 /* Resources */ = {
			isa = PBXResourcesBuildPhase;
			buildActionMask = 2147483647;
			files = (
			);
			runOnlyForDeploymentPostprocessing = 0;
		};
		75F77F681C87D95A00F653A3 /* Resources */ = {
			isa = PBXResourcesBuildPhase;
			buildActionMask = 2147483647;
			files = (
			);
			runOnlyForDeploymentPostprocessing = 0;
		};
/* End PBXResourcesBuildPhase section */

/* Begin PBXSourcesBuildPhase section */
		75F77F451C87D95600F653A3 /* Sources */ = {
			isa = PBXSourcesBuildPhase;
			buildActionMask = 2147483647;
			files = (
				75C25D8E1C8909DE00477430 /* PointsWindow.swift in Sources */,
				75F77F811C87DE1D00F653A3 /* EventArray.swift in Sources */,
				75F77F7F1C87DC5500F653A3 /* Event.swift in Sources */,
				75F77F4D1C87D95700F653A3 /* AppDelegate.swift in Sources */,
				758323731C8F36C1003621B4 /* KCEventTableViewCell.swift in Sources */,
				75F77F4F1C87D95800F653A3 /* FirstViewController.swift in Sources */,
				75F77F7D1C87DBE500F653A3 /* User.swift in Sources */,
			);
			runOnlyForDeploymentPostprocessing = 0;
		};
		75F77F5B1C87D95A00F653A3 /* Sources */ = {
			isa = PBXSourcesBuildPhase;
			buildActionMask = 2147483647;
			files = (
				75F77F641C87D95A00F653A3 /* GOAL_Release_2_0_0Tests.swift in Sources */,
			);
			runOnlyForDeploymentPostprocessing = 0;
		};
		75F77F661C87D95A00F653A3 /* Sources */ = {
			isa = PBXSourcesBuildPhase;
			buildActionMask = 2147483647;
			files = (
				75F77F6F1C87D95B00F653A3 /* GOAL_Release_2_0_0UITests.swift in Sources */,
			);
			runOnlyForDeploymentPostprocessing = 0;
		};
/* End PBXSourcesBuildPhase section */

/* Begin PBXTargetDependency section */
		75F77F611C87D95A00F653A3 /* PBXTargetDependency */ = {
			isa = PBXTargetDependency;
			target = 75F77F481C87D95600F653A3 /* GOAL Release 2.0.0 */;
			targetProxy = 75F77F601C87D95A00F653A3 /* PBXContainerItemProxy */;
		};
		75F77F6C1C87D95A00F653A3 /* PBXTargetDependency */ = {
			isa = PBXTargetDependency;
			target = 75F77F481C87D95600F653A3 /* GOAL Release 2.0.0 */;
			targetProxy = 75F77F6B1C87D95A00F653A3 /* PBXContainerItemProxy */;
		};
/* End PBXTargetDependency section */

/* Begin PBXVariantGroup section */
		75F77F521C87D95800F653A3 /* Main.storyboard */ = {
			isa = PBXVariantGroup;
			children = (
				75F77F531C87D95800F653A3 /* Base */,
				7508F1D11C8CD0D600A74D88 /* en */,
			);
			name = Main.storyboard;
			sourceTree = "<group>";
		};
		75F77F571C87D95900F653A3 /* LaunchScreen.storyboard */ = {
			isa = PBXVariantGroup;
			children = (
				75F77F581C87D95900F653A3 /* Base */,
			);
			name = LaunchScreen.storyboard;
			sourceTree = "<group>";
		};
/* End PBXVariantGroup section */

/* Begin XCBuildConfiguration section */
		75F77F711C87D95B00F653A3 /* Debug */ = {
			isa = XCBuildConfiguration;
			buildSettings = {
				ALWAYS_SEARCH_USER_PATHS = NO;
				CLANG_CXX_LANGUAGE_STANDARD = "gnu++0x";
				CLANG_CXX_LIBRARY = "libc++";
				CLANG_ENABLE_MODULES = YES;
				CLANG_ENABLE_OBJC_ARC = YES;
				CLANG_WARN_BOOL_CONVERSION = YES;
				CLANG_WARN_CONSTANT_CONVERSION = YES;
				CLANG_WARN_DIRECT_OBJC_ISA_USAGE = YES_ERROR;
				CLANG_WARN_EMPTY_BODY = YES;
				CLANG_WARN_ENUM_CONVERSION = YES;
				CLANG_WARN_INT_CONVERSION = YES;
				CLANG_WARN_OBJC_ROOT_CLASS = YES_ERROR;
				CLANG_WARN_UNREACHABLE_CODE = YES;
				CLANG_WARN__DUPLICATE_METHOD_MATCH = YES;
				"CODE_SIGN_IDENTITY[sdk=iphoneos*]" = "iPhone Developer";
				COPY_PHASE_STRIP = NO;
				DEBUG_INFORMATION_FORMAT = dwarf;
				ENABLE_STRICT_OBJC_MSGSEND = YES;
				ENABLE_TESTABILITY = YES;
				GCC_C_LANGUAGE_STANDARD = gnu99;
				GCC_DYNAMIC_NO_PIC = NO;
				GCC_NO_COMMON_BLOCKS = YES;
				GCC_OPTIMIZATION_LEVEL = 0;
				GCC_PREPROCESSOR_DEFINITIONS = (
					"DEBUG=1",
					"$(inherited)",
				);
				GCC_WARN_64_TO_32_BIT_CONVERSION = YES;
				GCC_WARN_ABOUT_RETURN_TYPE = YES_ERROR;
				GCC_WARN_UNDECLARED_SELECTOR = YES;
				GCC_WARN_UNINITIALIZED_AUTOS = YES_AGGRESSIVE;
				GCC_WARN_UNUSED_FUNCTION = YES;
				GCC_WARN_UNUSED_VARIABLE = YES;
				IPHONEOS_DEPLOYMENT_TARGET = 9.2;
				MTL_ENABLE_DEBUG_INFO = YES;
				ONLY_ACTIVE_ARCH = YES;
				SDKROOT = iphoneos;
				SWIFT_OPTIMIZATION_LEVEL = "-Onone";
			};
			name = Debug;
		};
		75F77F721C87D95B00F653A3 /* Release */ = {
			isa = XCBuildConfiguration;
			buildSettings = {
				ALWAYS_SEARCH_USER_PATHS = NO;
				CLANG_CXX_LANGUAGE_STANDARD = "gnu++0x";
				CLANG_CXX_LIBRARY = "libc++";
				CLANG_ENABLE_MODULES = YES;
				CLANG_ENABLE_OBJC_ARC = YES;
				CLANG_WARN_BOOL_CONVERSION = YES;
				CLANG_WARN_CONSTANT_CONVERSION = YES;
				CLANG_WARN_DIRECT_OBJC_ISA_USAGE = YES_ERROR;
				CLANG_WARN_EMPTY_BODY = YES;
				CLANG_WARN_ENUM_CONVERSION = YES;
				CLANG_WARN_INT_CONVERSION = YES;
				CLANG_WARN_OBJC_ROOT_CLASS = YES_ERROR;
				CLANG_WARN_UNREACHABLE_CODE = YES;
				CLANG_WARN__DUPLICATE_METHOD_MATCH = YES;
				"CODE_SIGN_IDENTITY[sdk=iphoneos*]" = "iPhone Developer";
				COPY_PHASE_STRIP = NO;
				DEBUG_INFORMATION_FORMAT = "dwarf-with-dsym";
				ENABLE_NS_ASSERTIONS = NO;
				ENABLE_STRICT_OBJC_MSGSEND = YES;
				GCC_C_LANGUAGE_STANDARD = gnu99;
				GCC_NO_COMMON_BLOCKS = YES;
				GCC_WARN_64_TO_32_BIT_CONVERSION = YES;
				GCC_WARN_ABOUT_RETURN_TYPE = YES_ERROR;
				GCC_WARN_UNDECLARED_SELECTOR = YES;
				GCC_WARN_UNINITIALIZED_AUTOS = YES_AGGRESSIVE;
				GCC_WARN_UNUSED_FUNCTION = YES;
				GCC_WARN_UNUSED_VARIABLE = YES;
				IPHONEOS_DEPLOYMENT_TARGET = 9.2;
				MTL_ENABLE_DEBUG_INFO = NO;
				SDKROOT = iphoneos;
				VALIDATE_PRODUCT = YES;
			};
			name = Release;
		};
		75F77F741C87D95B00F653A3 /* Debug */ = {
			isa = XCBuildConfiguration;
			buildSettings = {
				ASSETCATALOG_COMPILER_APPICON_NAME = AppIcon;
				INFOPLIST_FILE = "GOAL Release 2.0.0/Info.plist";
				LD_RUNPATH_SEARCH_PATHS = "$(inherited) @executable_path/Frameworks";
				PRODUCT_BUNDLE_IDENTIFIER = "University-of-Missouri-Kansas-City.GOAL-Release-2-0-0";
				PRODUCT_NAME = "$(TARGET_NAME)";
			};
			name = Debug;
		};
		75F77F751C87D95B00F653A3 /* Release */ = {
			isa = XCBuildConfiguration;
			buildSettings = {
				ASSETCATALOG_COMPILER_APPICON_NAME = AppIcon;
				INFOPLIST_FILE = "GOAL Release 2.0.0/Info.plist";
				LD_RUNPATH_SEARCH_PATHS = "$(inherited) @executable_path/Frameworks";
				PRODUCT_BUNDLE_IDENTIFIER = "University-of-Missouri-Kansas-City.GOAL-Release-2-0-0";
				PRODUCT_NAME = "$(TARGET_NAME)";
			};
			name = Release;
		};
		75F77F771C87D95B00F653A3 /* Debug */ = {
			isa = XCBuildConfiguration;
			buildSettings = {
				BUNDLE_LOADER = "$(TEST_HOST)";
				INFOPLIST_FILE = "GOAL Release 2.0.0Tests/Info.plist";
				LD_RUNPATH_SEARCH_PATHS = "$(inherited) @executable_path/Frameworks @loader_path/Frameworks";
				PRODUCT_BUNDLE_IDENTIFIER = "University-of-Missouri-Kansas-City.GOAL-Release-2-0-0Tests";
				PRODUCT_NAME = "$(TARGET_NAME)";
				TEST_HOST = "$(BUILT_PRODUCTS_DIR)/GOAL Release 2.0.0.app/GOAL Release 2.0.0";
			};
			name = Debug;
		};
		75F77F781C87D95B00F653A3 /* Release */ = {
			isa = XCBuildConfiguration;
			buildSettings = {
				BUNDLE_LOADER = "$(TEST_HOST)";
				INFOPLIST_FILE = "GOAL Release 2.0.0Tests/Info.plist";
				LD_RUNPATH_SEARCH_PATHS = "$(inherited) @executable_path/Frameworks @loader_path/Frameworks";
				PRODUCT_BUNDLE_IDENTIFIER = "University-of-Missouri-Kansas-City.GOAL-Release-2-0-0Tests";
				PRODUCT_NAME = "$(TARGET_NAME)";
				TEST_HOST = "$(BUILT_PRODUCTS_DIR)/GOAL Release 2.0.0.app/GOAL Release 2.0.0";
			};
			name = Release;
		};
		75F77F7A1C87D95B00F653A3 /* Debug */ = {
			isa = XCBuildConfiguration;
			buildSettings = {
				INFOPLIST_FILE = "GOAL Release 2.0.0UITests/Info.plist";
				LD_RUNPATH_SEARCH_PATHS = "$(inherited) @executable_path/Frameworks @loader_path/Frameworks";
				PRODUCT_BUNDLE_IDENTIFIER = "University-of-Missouri-Kansas-City.GOAL-Release-2-0-0UITests";
				PRODUCT_NAME = "$(TARGET_NAME)";
				TEST_TARGET_NAME = "GOAL Release 2.0.0";
				USES_XCTRUNNER = YES;
			};
			name = Debug;
		};
		75F77F7B1C87D95B00F653A3 /* Release */ = {
			isa = XCBuildConfiguration;
			buildSettings = {
				INFOPLIST_FILE = "GOAL Release 2.0.0UITests/Info.plist";
				LD_RUNPATH_SEARCH_PATHS = "$(inherited) @executable_path/Frameworks @loader_path/Frameworks";
				PRODUCT_BUNDLE_IDENTIFIER = "University-of-Missouri-Kansas-City.GOAL-Release-2-0-0UITests";
				PRODUCT_NAME = "$(TARGET_NAME)";
				TEST_TARGET_NAME = "GOAL Release 2.0.0";
				USES_XCTRUNNER = YES;
			};
			name = Release;
		};
/* End XCBuildConfiguration section */

/* Begin XCConfigurationList section */
		75F77F441C87D95500F653A3 /* Build configuration list for PBXProject "GOAL Release 2.0.0" */ = {
			isa = XCConfigurationList;
			buildConfigurations = (
				75F77F711C87D95B00F653A3 /* Debug */,
				75F77F721C87D95B00F653A3 /* Release */,
			);
			defaultConfigurationIsVisible = 0;
			defaultConfigurationName = Release;
		};
		75F77F731C87D95B00F653A3 /* Build configuration list for PBXNativeTarget "GOAL Release 2.0.0" */ = {
			isa = XCConfigurationList;
			buildConfigurations = (
				75F77F741C87D95B00F653A3 /* Debug */,
				75F77F751C87D95B00F653A3 /* Release */,
			);
			defaultConfigurationIsVisible = 0;
			defaultConfigurationName = Release;
		};
		75F77F761C87D95B00F653A3 /* Build configuration list for PBXNativeTarget "GOAL Release 2.0.0Tests" */ = {
			isa = XCConfigurationList;
			buildConfigurations = (
				75F77F771C87D95B00F653A3 /* Debug */,
				75F77F781C87D95B00F653A3 /* Release */,
			);
			defaultConfigurationIsVisible = 0;
			defaultConfigurationName = Release;
		};
		75F77F791C87D95B00F653A3 /* Build configuration list for PBXNativeTarget "GOAL Release 2.0.0UITests" */ = {
			isa = XCConfigurationList;
			buildConfigurations = (
				75F77F7A1C87D95B00F653A3 /* Debug */,
				75F77F7B1C87D95B00F653A3 /* Release */,
			);
			defaultConfigurationIsVisible = 0;
			defaultConfigurationName = Release;
		};
/* End XCConfigurationList section */
	};
	rootObject = 75F77F411C87D95500F653A3 /* Project object */;
}
